# This file is automatically @generated by Cargo.
# It is not intended for manual editing.
version = 3

[[package]]
name = "dimension"
version = "0.1.0"

[[package]]
name = "formulas"
version = "0.1.0"

[[package]]
name = "lab"
version = "0.1.0"
dependencies = [
 "dimension",
 "formulas",
 "matriz",
 "unk_tools",
 "value",
]

[[package]]
name = "matriz"
version = "0.1.0"

[[package]]
name = "unk_tools"
version = "0.1.0"
dependencies = [
 "dimension",
 "value",
]

[[package]]
name = "value"
version = "0.1.0"
dependencies = [
 "dimension",
]
